
Microsoft Visual Studio Solution File, Format Version 12.00
# Visual Studio Version 16
VisualStudioVersion = 16.0.29911.84
MinimumVisualStudioVersion = 10.0.40219.1
Project("{FAE04EC0-301F-11D3-BF4B-00C04F79EFBC}") = "Birthday", "Birthday\Birthday.csproj", "{44CF103D-69F2-4178-98FA-C7EEC80A9F5D}"
EndProject
Global
	GlobalSection(SolutionConfigurationPlatforms) = preSolution
		Debug|Any CPU = Debug|Any CPU
		Release|Any CPU = Release|Any CPU
	EndGlobalSection
	GlobalSection(ProjectConfigurationPlatforms) = postSolution
		{44CF103D-69F2-4178-98FA-C7EEC80A9F5D}.Debug|Any CPU.ActiveCfg = Debug|Any CPU
		{44CF103D-69F2-4178-98FA-C7EEC80A9F5D}.Debug|Any CPU.Build.0 = Debug|Any CPU
		{44CF103D-69F2-4178-98FA-C7EEC80A9F5D}.Release|Any CPU.ActiveCfg = Release|Any CPU
		{44CF103D-69F2-4178-98FA-C7EEC80A9F5D}.Release|Any CPU.Build.0 = Release|Any CPU
	EndGlobalSection
	GlobalSection(SolutionProperties) = preSolution
		HideSolutionNode = FALSE
	EndGlobalSection
	GlobalSection(ExtensibilityGlobals) = postSolution
		SolutionGuid = {F980F8EB-3AD4-4272-BBFA-6FAEF5DD030B}
	EndGlobalSection
EndGlobal
